
Microsoft Visual Studio Solution File, Format Version 12.00
# Visual Studio Version 16
VisualStudioVersion = 16.0.30517.126
MinimumVisualStudioVersion = 10.0.40219.1
Project("{8BC9CEB8-8B4A-11D0-8D11-00A0C91BC942}") = "ProjectFirst", "ProjectFirst.vcxproj", "{B74119F4-799A-4A73-A9AF-2AF6C8FC7FD9}"
EndProject
Global
	GlobalSection(SolutionConfigurationPlatforms) = preSolution
		Debug|x64 = Debug|x64
		Debug|x86 = Debug|x86
		Release|x64 = Release|x64
		Release|x86 = Release|x86
	EndGlobalSection
	GlobalSection(ProjectConfigurationPlatforms) = postSolution
		{B74119F4-799A-4A73-A9AF-2AF6C8FC7FD9}.Debug|x64.ActiveCfg = Debug|x64
		{B74119F4-799A-4A73-A9AF-2AF6C8FC7FD9}.Debug|x64.Build.0 = Debug|x64
		{B74119F4-799A-4A73-A9AF-2AF6C8FC7FD9}.Debug|x86.ActiveCfg = Debug|Win32
		{B74119F4-799A-4A73-A9AF-2AF6C8FC7FD9}.Debug|x86.Build.0 = Debug|Win32
		{B74119F4-799A-4A73-A9AF-2AF6C8FC7FD9}.Release|x64.ActiveCfg = Release|x64
		{B74119F4-799A-4A73-A9AF-2AF6C8FC7FD9}.Release|x64.Build.0 = Release|x64
		{B74119F4-799A-4A73-A9AF-2AF6C8FC7FD9}.Release|x86.ActiveCfg = Release|Win32
		{B74119F4-799A-4A73-A9AF-2AF6C8FC7FD9}.Release|x86.Build.0 = Release|Win32
	EndGlobalSection
	GlobalSection(SolutionProperties) = preSolution
		HideSolutionNode = FALSE
	EndGlobalSection
	GlobalSection(ExtensibilityGlobals) = postSolution
		SolutionGuid = {3B7ECBF0-88E5-49E2-9AF8-775B00AD99AD}
	EndGlobalSection
EndGlobal
